{
  "name": "licence-app-example-node",
  "lockfileVersion": 3,
  "requires": true,
  "packages": {
    "": {
      "name": "licence-app-example-node",
      "dependencies": {
        "@licence-app/sdk": "file:../../sdk/js"
      }
    },
    "../../sdk/js": {
      "name": "@licence-app/sdk",
      "version": "0.1.0",
      "license": "MIT",
      "devDependencies": {
        "@types/node": "^24.19.0",
        "typescript": "~6.0.3"
      },
      "engines": {
        "node": ">=20"
      }
    },
    "node_modules/@licence-app/sdk": {
      "resolved": "../../sdk/js",
      "link": true
    }
  }
}
